
Microsoft Visual Studio Solution File, Format Version 12.00
# Visual Studio Version 17
VisualStudioVersion = 17.12.35527.113
MinimumVisualStudioVersion = 10.0.40219.1
Project("{FAE04EC0-301F-11D3-BF4B-00C04F79EFBC}") = "ShumeiEncoder.CLI", "ShumeiEncoder.CLI\ShumeiEncoder.CLI.csproj", "{AD49FA38-5CCC-49BA-BF77-F04C70CF8207}"
EndProject
Project("{2150E333-8FDC-42A3-9474-1A3956D46DE8}") = "解决方案项", "解决方案项", "{6B363B22-0A04-47DE-ACFA-8C6CF0099271}"
	ProjectSection(SolutionItems) = preProject
		Readme.md = Readme.md
	EndProjectSection
EndProject
Project("{FAE04EC0-301F-11D3-BF4B-00C04F79EFBC}") = "ShumeiEncoder.Core", "ShumeiEncoder.Core\ShumeiEncoder.Core.csproj", "{B4643592-EC47-4F62-A5F2-CFB6F4A18C02}"
EndProject
Global
	GlobalSection(SolutionConfigurationPlatforms) = preSolution
		Debug|Any CPU = Debug|Any CPU
		Debug|x64 = Debug|x64
		Release|Any CPU = Release|Any CPU
		Release|x64 = Release|x64
	EndGlobalSection
	GlobalSection(ProjectConfigurationPlatforms) = postSolution
		{AD49FA38-5CCC-49BA-BF77-F04C70CF8207}.Debug|Any CPU.ActiveCfg = Debug|x64
		{AD49FA38-5CCC-49BA-BF77-F04C70CF8207}.Debug|Any CPU.Build.0 = Debug|x64
		{AD49FA38-5CCC-49BA-BF77-F04C70CF8207}.Debug|x64.ActiveCfg = Debug|x64
		{AD49FA38-5CCC-49BA-BF77-F04C70CF8207}.Debug|x64.Build.0 = Debug|x64
		{AD49FA38-5CCC-49BA-BF77-F04C70CF8207}.Release|Any CPU.ActiveCfg = Release|Any CPU
		{AD49FA38-5CCC-49BA-BF77-F04C70CF8207}.Release|Any CPU.Build.0 = Release|Any CPU
		{AD49FA38-5CCC-49BA-BF77-F04C70CF8207}.Release|x64.ActiveCfg = Release|Any CPU
		{AD49FA38-5CCC-49BA-BF77-F04C70CF8207}.Release|x64.Build.0 = Release|Any CPU
		{B4643592-EC47-4F62-A5F2-CFB6F4A18C02}.Debug|Any CPU.ActiveCfg = Debug|Any CPU
		{B4643592-EC47-4F62-A5F2-CFB6F4A18C02}.Debug|Any CPU.Build.0 = Debug|Any CPU
		{B4643592-EC47-4F62-A5F2-CFB6F4A18C02}.Debug|x64.ActiveCfg = Debug|Any CPU
		{B4643592-EC47-4F62-A5F2-CFB6F4A18C02}.Debug|x64.Build.0 = Debug|Any CPU
		{B4643592-EC47-4F62-A5F2-CFB6F4A18C02}.Release|Any CPU.ActiveCfg = Release|Any CPU
		{B4643592-EC47-4F62-A5F2-CFB6F4A18C02}.Release|Any CPU.Build.0 = Release|Any CPU
		{B4643592-EC47-4F62-A5F2-CFB6F4A18C02}.Release|x64.ActiveCfg = Release|Any CPU
		{B4643592-EC47-4F62-A5F2-CFB6F4A18C02}.Release|x64.Build.0 = Release|Any CPU
	EndGlobalSection
	GlobalSection(SolutionProperties) = preSolution
		HideSolutionNode = FALSE
	EndGlobalSection
EndGlobal
